
Microsoft Visual Studio Solution File, Format Version 12.00
# Visual Studio Version 17
VisualStudioVersion = 17.1.32210.238
MinimumVisualStudioVersion = 10.0.40219.1
Project("{8BC9CEB8-8B4A-11D0-8D11-00A0C91BC942}") = "Сортировка_git", "Сортировка_git.vcxproj", "{06968146-CED8-4CA8-A359-1424B84B69BE}"
EndProject
Global
	GlobalSection(SolutionConfigurationPlatforms) = preSolution
		Debug|x64 = Debug|x64
		Debug|x86 = Debug|x86
		Release|x64 = Release|x64
		Release|x86 = Release|x86
	EndGlobalSection
	GlobalSection(ProjectConfigurationPlatforms) = postSolution
		{06968146-CED8-4CA8-A359-1424B84B69BE}.Debug|x64.ActiveCfg = Debug|x64
		{06968146-CED8-4CA8-A359-1424B84B69BE}.Debug|x64.Build.0 = Debug|x64
		{06968146-CED8-4CA8-A359-1424B84B69BE}.Debug|x86.ActiveCfg = Debug|Win32
		{06968146-CED8-4CA8-A359-1424B84B69BE}.Debug|x86.Build.0 = Debug|Win32
		{06968146-CED8-4CA8-A359-1424B84B69BE}.Release|x64.ActiveCfg = Release|x64
		{06968146-CED8-4CA8-A359-1424B84B69BE}.Release|x64.Build.0 = Release|x64
		{06968146-CED8-4CA8-A359-1424B84B69BE}.Release|x86.ActiveCfg = Release|Win32
		{06968146-CED8-4CA8-A359-1424B84B69BE}.Release|x86.Build.0 = Release|Win32
	EndGlobalSection
	GlobalSection(SolutionProperties) = preSolution
		HideSolutionNode = FALSE
	EndGlobalSection
	GlobalSection(ExtensibilityGlobals) = postSolution
		SolutionGuid = {52A44FD7-DEAC-49D1-8573-BADBC5CAF1B2}
	EndGlobalSection
EndGlobal
